github.com/jxsl13/twmap v0.3.0 h1:WKmOFFMAwnlC1nlU3EtdT29+QmxrVcJw21rftT/k6uA=
github.com/jxsl13/twmap v0.3.0/go.mod h1:C6oDH7vLRqO+ITayIYB9dF9o9DVCSpyUirb9pKD9n90=
github.com/klauspost/compress v1.18.5 h1:/h1gH5Ce+VWNLSWqPzOVn6XBO+vJbCNGvjoaGBFW2IE=
github.com/klauspost/compress v1.18.5/go.mod h1:cwPg85FWrGar70rWktvGQj8/hthj3wpl0PGDogxkrSQ=
github.com/reiver/go-oi v1.0.0 h1:nvECWD7LF+vOs8leNGV/ww+F2iZKf3EYjYZ527turzM=
github.com/reiver/go-oi v1.0.0/go.mod h1:RrDBct90BAhoDTxB1fenZwfykqeGvhI6LsNfStJoEkI=
github.com/reiver/go-telnet v0.0.0-20180421082511-9ff0b2ab096e h1:quuzZLi72kkJjl+f5AQ93FMcadG19WkS7MO6TXFOSas=
github.com/reiver/go-telnet v0.0.0-20180421082511-9ff0b2ab096e/go.mod h1:+5vNVvEWwEIx86DB9Ke/+a5wBI464eDRo3eF0LcfpWg=
github.com/teeworlds-go/econ v0.1.0 h1:auTo9XRsuh4bj8NOaBELjk81u3BDb3GJSSqB4IVNxa4=
github.com/teeworlds-go/econ v0.1.0/go.mod h1:tgCG7tamreS+3/+UijsaYbEQaQiP+1LPJp9IHi/p6bs=
github.com/teeworlds-go/huffman/v2 v2.1.0 h1:t/MpK7zqfSiUXyET2yCpEHaoHd+Ib/Ee+KnvVGYxYYU=
github.com/teeworlds-go/huffman/v2 v2.1.0/go.mod h1:9QHf4MGIdy2aeGRXIBGB7YyCb1NPkZarHYkviShiIis=
github.com/teeworlds-go/varint v0.1.0 h1:Y4rAiHcH2f5vcvEsAGGF1hnnE1ehBpa19Ce15AmZuDE=
github.com/teeworlds-go/varint v0.1.0/go.mod h1:Ig68nwxtTjrjjNhU6IlK4Nk9ItnF+oeiDGQNHBP0RW0=
golang.org/x/image v0.38.0 h1:5l+q+Y9JDC7mBOMjo4/aPhMDcxEptsX+Tt3GgRQRPuE=
golang.org/x/image v0.38.0/go.mod h1:/3f6vaXC+6CEanU4KJxbcUZyEePbyKbaLoDOe4ehFYY=
