github.com/jxsl13/twmap v0.3.0 h1:WKmOFFMAwnlC1nlU3EtdT29+QmxrVcJw21rftT/k6uA=
github.com/jxsl13/twmap v0.3.0/go.mod h1:C6oDH7vLRqO+ITayIYB9dF9o9DVCSpyUirb9pKD9n90=
github.com/klauspost/compress v1.18.5 h1:/h1gH5Ce+VWNLSWqPzOVn6XBO+vJbCNGvjoaGBFW2IE=
github.com/klauspost/compress v1.18.5/go.mod h1:cwPg85FWrGar70rWktvGQj8/hthj3wpl0PGDogxkrSQ=
github.com/teeworlds-go/huffman/v2 v2.0.0 h1:eWmQe6OZ7o6Qn75ErZ0UeM+fnT0Gz6XLx0dlO2AtJ4U=
github.com/teeworlds-go/huffman/v2 v2.0.0/go.mod h1:qrL61bcSz/NZ1mQyFjAOcbza7acJQj2ltwdjetLHsOY=
github.com/teeworlds-go/varint v0.1.0 h1:Y4rAiHcH2f5vcvEsAGGF1hnnE1ehBpa19Ce15AmZuDE=
github.com/teeworlds-go/varint v0.1.0/go.mod h1:Ig68nwxtTjrjjNhU6IlK4Nk9ItnF+oeiDGQNHBP0RW0=
golang.org/x/image v0.38.0 h1:5l+q+Y9JDC7mBOMjo4/aPhMDcxEptsX+Tt3GgRQRPuE=
golang.org/x/image v0.38.0/go.mod h1:/3f6vaXC+6CEanU4KJxbcUZyEePbyKbaLoDOe4ehFYY=
